Microsoft Visual Studio Solution File, Format Version 12.00
# Visual Studio Version 17
VisualStudioVersion = 17.5.2.0
MinimumVisualStudioVersion = 10.0.40219.1
Project("{FAE04EC0-301F-11D3-BF4B-00C04F79EFBC}") = "arraySort", "arraySort.csproj", "{51628D67-BEF5-6F7D-600E-0D2438A3BC13}"
EndProject
Global
	GlobalSection(SolutionConfigurationPlatforms) = preSolution
		Debug|Any CPU = Debug|Any CPU
		Release|Any CPU = Release|Any CPU
	EndGlobalSection
	GlobalSection(ProjectConfigurationPlatforms) = postSolution
		{51628D67-BEF5-6F7D-600E-0D2438A3BC13}.Debug|Any CPU.ActiveCfg = Debug|Any CPU
		{51628D67-BEF5-6F7D-600E-0D2438A3BC13}.Debug|Any CPU.Build.0 = Debug|Any CPU
		{51628D67-BEF5-6F7D-600E-0D2438A3BC13}.Release|Any CPU.ActiveCfg = Release|Any CPU
		{51628D67-BEF5-6F7D-600E-0D2438A3BC13}.Release|Any CPU.Build.0 = Release|Any CPU
	EndGlobalSection
	GlobalSection(SolutionProperties) = preSolution
		HideSolutionNode = FALSE
	EndGlobalSection
	GlobalSection(ExtensibilityGlobals) = postSolution
		SolutionGuid = {44775E3B-4392-4C45-A5D7-C441FF7BF261}
	EndGlobalSection
EndGlobal
